
Microsoft Visual Studio Solution File, Format Version 12.00
# Visual Studio Version 17
VisualStudioVersion = 17.8.34330.188
MinimumVisualStudioVersion = 10.0.40219.1
Project("{FAE04EC0-301F-11D3-BF4B-00C04F79EFBC}") = "Schoolproject", "Schoolproject\Schoolproject.csproj", "{00DA04A0-38BC-4D5D-895B-810073680DCD}"
EndProject
Global
	GlobalSection(SolutionConfigurationPlatforms) = preSolution
		Debug|Any CPU = Debug|Any CPU
		Release|Any CPU = Release|Any CPU
	EndGlobalSection
	GlobalSection(ProjectConfigurationPlatforms) = postSolution
		{00DA04A0-38BC-4D5D-895B-810073680DCD}.Debug|Any CPU.ActiveCfg = Debug|Any CPU
		{00DA04A0-38BC-4D5D-895B-810073680DCD}.Debug|Any CPU.Build.0 = Debug|Any CPU
		{00DA04A0-38BC-4D5D-895B-810073680DCD}.Release|Any CPU.ActiveCfg = Release|Any CPU
		{00DA04A0-38BC-4D5D-895B-810073680DCD}.Release|Any CPU.Build.0 = Release|Any CPU
	EndGlobalSection
	GlobalSection(SolutionProperties) = preSolution
		HideSolutionNode = FALSE
	EndGlobalSection
	GlobalSection(ExtensibilityGlobals) = postSolution
		SolutionGuid = {31543567-47CB-4C06-880C-288389258730}
	EndGlobalSection
EndGlobal
